dependencies:
- name: postgresql
  repository: oci://registry-1.docker.io/bitnamicharts
  version: 12.12.5
- name: common
  repository: oci://registry-1.docker.io/bitnamicharts
  version: 2.12.0
- name: replicated
  repository: oci://registry.replicated.com/library
  version: 1.0.0-beta.8
digest: sha256:4eec5abf76769abca2cf2563875ceab0ebd0213b7121c7ebde51514abf1609ad
generated: "2023-09-22T16:26:10.580999-04:00"
