dependencies:
- name: postgresql
  repository: oci://registry-1.docker.io/bitnamicharts
  version: 12.12.10
- name: common
  repository: oci://registry-1.docker.io/bitnamicharts
  version: 2.13.3
- name: replicated
  repository: oci://registry.replicated.com/library
  version: 1.0.0-beta.8
digest: sha256:7e85a361670059e450567614e00be73f044129c46bc86900871e6cf18662e8f2
generated: "2023-11-03T14:18:00.418956-04:00"
